// !$*UTF8*$!
{
	archiveVersion = 1;
	classes = {
	};
	objectVersion = 46;
	objects = {

/* Begin PBXBuildFile section */
		4511E4791CB7053E0028B46A /* AppDelegate.swift in Sources */ = {isa = PBXBuildFile; fileRef = 4511E4781CB7053E0028B46A /* AppDelegate.swift */; };
		4511E47B1CB7053E0028B46A /* ViewController.swift in Sources */ = {isa = PBXBuildFile; fileRef = 4511E47A1CB7053E0028B46A /* ViewController.swift */; };
		4511E47E1CB7053E0028B46A /* Main.storyboard in Resources */ = {isa = PBXBuildFile; fileRef = 4511E47C1CB7053E0028B46A /* Main.storyboard */; };
		4511E4801CB7053E0028B46A /* Assets.xcassets in Resources */ = {isa = PBXBuildFile; fileRef = 4511E47F1CB7053E0028B46A /* Assets.xcassets */; };
		4511E4831CB7053E0028B46A /* LaunchScreen.storyboard in Resources */ = {isa = PBXBuildFile; fileRef = 4511E4811CB7053E0028B46A /* LaunchScreen.storyboard */; };
		4511E48E1CB7053E0028B46A /* First_ProjectTests.swift in Sources */ = {isa = PBXBuildFile; fileRef = 4511E48D1CB7053E0028B46A /* First_ProjectTests.swift */; };
		4511E4991CB7053E0028B46A /* First_ProjectUITests.swift in Sources */ = {isa = PBXBuildFile; fileRef = 4511E4981CB7053E0028B46A /* First_ProjectUITests.swift */; };
/* End PBXBuildFile section */

/* Begin PBXContainerItemProxy section */
		4511E48A1CB7053E0028B46A /* PBXContainerItemProxy */ = {
			isa = PBXContainerItemProxy;
			containerPortal = 4511E46D1CB7053E0028B46A /* Project object */;
			proxyType = 1;
			remoteGlobalIDString = 4511E4741CB7053E0028B46A;
			remoteInfo = "First Project";
		};
		4511E4951CB7053E0028B46A /* PBXContainerItemProxy */ = {
			isa = PBXContainerItemProxy;
			containerPortal = 4511E46D1CB7053E0028B46A /* Project object */;
			proxyType = 1;
			remoteGlobalIDString = 4511E4741CB7053E0028B46A;
			remoteInfo = "First Project";
		};
/* End PBXContainerItemProxy section */

/* Begin PBXFileReference section */
		4511E4751CB7053E0028B46A /* First Project.app */ = {isa = PBXFileReference; explicitFileType = wrapper.application; includeInIndex = 0; path = "First Project.app"; sourceTree = BUILT_PRODUCTS_DIR; };
		4511E4781CB7053E0028B46A /* AppDelegate.swift */ = {isa = PBXFileReference; lastKnownFileType = sourcecode.swift; path = AppDelegate.swift; sourceTree = "<group>"; };
		4511E47A1CB7053E0028B46A /* ViewController.swift */ = {isa = PBXFileReference; lastKnownFileType = sourcecode.swift; path = ViewController.swift; sourceTree = "<group>"; };
		4511E47D1CB7053E0028B46A /* Base */ = {isa = PBXFileReference; lastKnownFileType = file.storyboard; name = Base; path = Base.lproj/Main.storyboard; sourceTree = "<group>"; };
		4511E47F1CB7053E0028B46A /* Assets.xcassets */ = {isa = PBXFileReference; lastKnownFileType = folder.assetcatalog; path = Assets.xcassets; sourceTree = "<group>"; };
		4511E4821CB7053E0028B46A /* Base */ = {isa = PBXFileReference; lastKnownFileType = file.storyboard; name = Base; path = Base.lproj/LaunchScreen.storyboard; sourceTree = "<group>"; };
		4511E4841CB7053E0028B46A /* Info.plist */ = {isa = PBXFileReference; lastKnownFileType = text.plist.xml; path = Info.plist; sourceTree = "<group>"; };
		4511E4891CB7053E0028B46A /* First ProjectTests.xctest */ = {isa = PBXFileReference; explicitFileType = wrapper.cfbundle; includeInIndex = 0; path = "First ProjectTests.xctest"; sourceTree = BUILT_PRODUCTS_DIR; };
		4511E48D1CB7053E0028B46A /* First_ProjectTests.swift */ = {isa = PBXFileReference; lastKnownFileType = sourcecode.swift; path = First_ProjectTests.swift; sourceTree = "<group>"; };
		4511E48F1CB7053E0028B46A /* Info.plist */ = {isa = PBXFileReference; lastKnownFileType = text.plist.xml; path = Info.plist; sourceTree = "<group>"; };
		4511E4941CB7053E0028B46A /* First ProjectUITests.xctest */ = {isa = PBXFileReference; explicitFileType = wrapper.cfbundle; includeInIndex = 0; path = "First ProjectUITests.xctest"; sourceTree = BUILT_PRODUCTS_DIR; };
		4511E4981CB7053E0028B46A /* First_ProjectUITests.swift */ = {isa = PBXFileReference; lastKnownFileType = sourcecode.swift; path = First_ProjectUITests.swift; sourceTree = "<group>"; };
		4511E49A1CB7053E0028B46A /* Info.plist */ = {isa = PBXFileReference; lastKnownFileType = text.plist.xml; path = Info.plist; sourceTree = "<group>"; };
/* End PBXFileReference section */

/* Begin PBXFrameworksBuildPhase section */
		4511E4721CB7053E0028B46A /* Frameworks */ = {
			isa = PBXFrameworksBuildPhase;
			buildActionMask = 2147483647;
			files = (
			);
			runOnlyForDeploymentPostprocessing = 0;
		};
		4511E4861CB7053E0028B46A /* Frameworks */ = {
			isa = PBXFrameworksBuildPhase;
			buildActionMask = 2147483647;
			files = (
			);
			runOnlyForDeploymentPostprocessing = 0;
		};
		4511E4911CB7053E0028B46A /* Frameworks */ = {
			isa = PBXFrameworksBuildPhase;
			buildActionMask = 2147483647;
			files = (
			);
			runOnlyForDeploymentPostprocessing = 0;
		};
/* End PBXFrameworksBuildPhase section */

/* Begin PBXGroup section */
		4511E46C1CB7053E0028B46A = {
			isa = PBXGroup;
			children = (
				4511E4771CB7053E0028B46A /* First Project */,
				4511E48C1CB7053E0028B46A /* First ProjectTests */,
				4511E4971CB7053E0028B46A /* First ProjectUITests */,
				4511E4761CB7053E0028B46A /* Products */,
			);
			sourceTree = "<group>";
		};
		4511E4761CB7053E0028B46A /* Products */ = {
			isa = PBXGroup;
			children = (
				4511E4751CB7053E0028B46A /* First Project.app */,
				4511E4891CB7053E0028B46A /* First ProjectTests.xctest */,
				4511E4941CB7053E0028B46A /* First ProjectUITests.xctest */,
			);
			name = Products;
			sourceTree = "<group>";
		};
		4511E4771CB7053E0028B46A /* First Project */ = {
			isa = PBXGroup;
			children = (
				4511E4781CB7053E0028B46A /* AppDelegate.swift */,
				4511E47A1CB7053E0028B46A /* ViewController.swift */,
				4511E47C1CB7053E0028B46A /* Main.storyboard */,
				4511E47F1CB7053E0028B46A /* Assets.xcassets */,
				4511E4811CB7053E0028B46A /* LaunchScreen.storyboard */,
				4511E4841CB7053E0028B46A /* Info.plist */,
			);
			path = "First Project";
			sourceTree = "<group>";
		};
		4511E48C1CB7053E0028B46A /* First ProjectTests */ = {
			isa = PBXGroup;
			children = (
				4511E48D1CB7053E0028B46A /* First_ProjectTests.swift */,
				4511E48F1CB7053E0028B46A /* Info.plist */,
			);
			path = "First ProjectTests";
			sourceTree = "<group>";
		};
		4511E4971CB7053E0028B46A /* First ProjectUITests */ = {
			isa = PBXGroup;
			children = (
				4511E4981CB7053E0028B46A /* First_ProjectUITests.swift */,
				4511E49A1CB7053E0028B46A /* Info.plist */,
			);
			path = "First ProjectUITests";
			sourceTree = "<group>";
		};
/* End PBXGroup section */

/* Begin PBXNativeTarget section */
		4511E4741CB7053E0028B46A /* First Project */ = {
			isa = PBXNativeTarget;
			buildConfigurationList = 4511E49D1CB7053E0028B46A /* Build configuration list for PBXNativeTarget "First Project" */;
			buildPhases = (
				4511E4711CB7053E0028B46A /* Sources */,
				4511E4721CB7053E0028B46A /* Frameworks */,
				4511E4731CB7053E0028B46A /* Resources */,
			);
			buildRules = (
			);
			dependencies = (
			);
			name = "First Project";
			productName = "First Project";
			productReference = 4511E4751CB7053E0028B46A /* First Project.app */;
			productType = "com.apple.product-type.application";
		};
		4511E4881CB7053E0028B46A /* First ProjectTests */ = {
			isa = PBXNativeTarget;
			buildConfigurationList = 4511E4A01CB7053E0028B46A /* Build configuration list for PBXNativeTarget "First ProjectTests" */;
			buildPhases = (
				4511E4851CB7053E0028B46A /* Sources */,
				4511E4861CB7053E0028B46A /* Frameworks */,
				4511E4871CB7053E0028B46A /* Resources */,
			);
			buildRules = (
			);
			dependencies = (
				4511E48B1CB7053E0028B46A /* PBXTargetDependency */,
			);
			name = "First ProjectTests";
			productName = "First ProjectTests";
			productReference = 4511E4891CB7053E0028B46A /* First ProjectTests.xctest */;
			productType = "com.apple.product-type.bundle.unit-test";
		};
		4511E4931CB7053E0028B46A /* First ProjectUITests */ = {
			isa = PBXNativeTarget;
			buildConfigurationList = 4511E4A31CB7053E0028B46A /* Build configuration list for PBXNativeTarget "First ProjectUITests" */;
			buildPhases = (
				4511E4901CB7053E0028B46A /* Sources */,
				4511E4911CB7053E0028B46A /* Frameworks */,
				4511E4921CB7053E0028B46A /* Resources */,
			);
			buildRules = (
			);
			dependencies = (
				4511E4961CB7053E0028B46A /* PBXTargetDependency */,
			);
			name = "First ProjectUITests";
			productName = "First ProjectUITests";
			productReference = 4511E4941CB7053E0028B46A /* First ProjectUITests.xctest */;
			productType = "com.apple.product-type.bundle.ui-testing";
		};
/* End PBXNativeTarget section */

/* Begin PBXProject section */
		4511E46D1CB7053E0028B46A /* Project object */ = {
			isa = PBXProject;
			attributes = {
				LastSwiftUpdateCheck = 0730;
				LastUpgradeCheck = 0730;
				ORGANIZATIONNAME = "Troy Abel";
				TargetAttributes = {
					4511E4741CB7053E0028B46A = {
						CreatedOnToolsVersion = 7.3;
					};
					4511E4881CB7053E0028B46A = {
						CreatedOnToolsVersion = 7.3;
						TestTargetID = 4511E4741CB7053E0028B46A;
					};
					4511E4931CB7053E0028B46A = {
						CreatedOnToolsVersion = 7.3;
						TestTargetID = 4511E4741CB7053E0028B46A;
					};
				};
			};
			buildConfigurationList = 4511E4701CB7053E0028B46A /* Build configuration list for PBXProject "First Project" */;
			compatibilityVersion = "Xcode 3.2";
			developmentRegion = English;
			hasScannedForEncodings = 0;
			knownRegions = (
				en,
				Base,
			);
			mainGroup = 4511E46C1CB7053E0028B46A;
			productRefGroup = 4511E4761CB7053E0028B46A /* Products */;
			projectDirPath = "";
			projectRoot = "";
			targets = (
				4511E4741CB7053E0028B46A /* First Project */,
				4511E4881CB7053E0028B46A /* First ProjectTests */,
				4511E4931CB7053E0028B46A /* First ProjectUITests */,
			);
		};
/* End PBXProject section */

/* Begin PBXResourcesBuildPhase section */
		4511E4731CB7053E0028B46A /* Resources */ = {
			isa = PBXResourcesBuildPhase;
			buildActionMask = 2147483647;
			files = (
				4511E4831CB7053E0028B46A /* LaunchScreen.storyboard in Resources */,
				4511E4801CB7053E0028B46A /* Assets.xcassets in Resources */,
				4511E47E1CB7053E0028B46A /* Main.storyboard in Resources */,
			);
			runOnlyForDeploymentPostprocessing = 0;
		};
		4511E4871CB7053E0028B46A /* Resources */ = {
			isa = PBXResourcesBuildPhase;
			buildActionMask = 2147483647;
			files = (
			);
			runOnlyForDeploymentPostprocessing = 0;
		};
		4511E4921CB7053E0028B46A /* Resources */ = {
			isa = PBXResourcesBuildPhase;
			buildActionMask = 2147483647;
			files = (
			);
			runOnlyForDeploymentPostprocessing = 0;
		};
/* End PBXResourcesBuildPhase section */

/* Begin PBXSourcesBuildPhase section */
		4511E4711CB7053E0028B46A /* Sources */ = {
			isa = PBXSourcesBuildPhase;
			buildActionMask = 2147483647;
			files = (
				4511E47B1CB7053E0028B46A /* ViewController.swift in Sources */,
				4511E4791CB7053E0028B46A /* AppDelegate.swift in Sources */,
			);
			runOnlyForDeploymentPostprocessing = 0;
		};
		4511E4851CB7053E0028B46A /* Sources */ = {
			isa = PBXSourcesBuildPhase;
			buildActionMask = 2147483647;
			files = (
				4511E48E1CB7053E0028B46A /* First_ProjectTests.swift in Sources */,
			);
			runOnlyForDeploymentPostprocessing = 0;
		};
		4511E4901CB7053E0028B46A /* Sources */ = {
			isa = PBXSourcesBuildPhase;
			buildActionMask = 2147483647;
			files = (
				4511E4991CB7053E0028B46A /* First_ProjectUITests.swift in Sources */,
			);
			runOnlyForDeploymentPostprocessing = 0;
		};
/* End PBXSourcesBuildPhase section */

/* Begin PBXTargetDependency section */
		4511E48B1CB7053E0028B46A /* PBXTargetDependency */ = {
			isa = PBXTargetDependency;
			target = 4511E4741CB7053E0028B46A /* First Project */;
			targetProxy = 4511E48A1CB7053E0028B46A /* PBXContainerItemProxy */;
		};
		4511E4961CB7053E0028B46A /* PBXTargetDependency */ = {
			isa = PBXTargetDependency;
			target = 4511E4741CB7053E0028B46A /* First Project */;
			targetProxy = 4511E4951CB7053E0028B46A /* PBXContainerItemProxy */;
		};
/* End PBXTargetDependency section */

/* Begin PBXVariantGroup section */
		4511E47C1CB7053E0028B46A /* Main.storyboard */ = {
			isa = PBXVariantGroup;
			children = (
				4511E47D1CB7053E0028B46A /* Base */,
			);
			name = Main.storyboard;
			sourceTree = "<group>";
		};
		4511E4811CB7053E0028B46A /* LaunchScreen.storyboard */ = {
			isa = PBXVariantGroup;
			children = (
				4511E4821CB7053E0028B46A /* Base */,
			);
			name = LaunchScreen.storyboard;
			sourceTree = "<group>";
		};
/* End PBXVariantGroup section */

/* Begin XCBuildConfiguration section */
		4511E49B1CB7053E0028B46A /* Debug */ = {
			isa = XCBuildConfiguration;
			buildSettings = {
				ALWAYS_SEARCH_USER_PATHS = NO;
				CLANG_ANALYZER_NONNULL = YES;
				CLANG_CXX_LANGUAGE_STANDARD = "gnu++0x";
				CLANG_CXX_LIBRARY = "libc++";
				CLANG_ENABLE_MODULES = YES;
				CLANG_ENABLE_OBJC_ARC = YES;
				CLANG_WARN_BOOL_CONVERSION = YES;
				CLANG_WARN_CONSTANT_CONVERSION = YES;
				CLANG_WARN_DIRECT_OBJC_ISA_USAGE = YES_ERROR;
				CLANG_WARN_EMPTY_BODY = YES;
				CLANG_WARN_ENUM_CONVERSION = YES;
				CLANG_WARN_INT_CONVERSION = YES;
				CLANG_WARN_OBJC_ROOT_CLASS = YES_ERROR;
				CLANG_WARN_UNREACHABLE_CODE = YES;
				CLANG_WARN__DUPLICATE_METHOD_MATCH = YES;
				"CODE_SIGN_IDENTITY[sdk=iphoneos*]" = "iPhone Developer";
				COPY_PHASE_STRIP = NO;
				DEBUG_INFORMATION_FORMAT = dwarf;
				ENABLE_STRICT_OBJC_MSGSEND = YES;
				ENABLE_TESTABILITY = YES;
				GCC_C_LANGUAGE_STANDARD = gnu99;
				GCC_DYNAMIC_NO_PIC = NO;
				GCC_NO_COMMON_BLOCKS = YES;
				GCC_OPTIMIZATION_LEVEL = 0;
				GCC_PREPROCESSOR_DEFINITIONS = (
					"DEBUG=1",
					"$(inherited)",
				);
				GCC_WARN_64_TO_32_BIT_CONVERSION = YES;
				GCC_WARN_ABOUT_RETURN_TYPE = YES_ERROR;
				GCC_WARN_UNDECLARED_SELECTOR = YES;
				GCC_WARN_UNINITIALIZED_AUTOS = YES_AGGRESSIVE;
				GCC_WARN_UNUSED_FUNCTION = YES;
				GCC_WARN_UNUSED_VARIABLE = YES;
				IPHONEOS_DEPLOYMENT_TARGET = 9.3;
				MTL_ENABLE_DEBUG_INFO = YES;
				ONLY_ACTIVE_ARCH = YES;
				SDKROOT = iphoneos;
				SWIFT_OPTIMIZATION_LEVEL = "-Onone";
				TARGETED_DEVICE_FAMILY = "1,2";
			};
			name = Debug;
		};
		4511E49C1CB7053E0028B46A /* Release */ = {
			isa = XCBuildConfiguration;
			buildSettings = {
				ALWAYS_SEARCH_USER_PATHS = NO;
				CLANG_ANALYZER_NONNULL = YES;
				CLANG_CXX_LANGUAGE_STANDARD = "gnu++0x";
				CLANG_CXX_LIBRARY = "libc++";
				CLANG_ENABLE_MODULES = YES;
				CLANG_ENABLE_OBJC_ARC = YES;
				CLANG_WARN_BOOL_CONVERSION = YES;
				CLANG_WARN_CONSTANT_CONVERSION = YES;
				CLANG_WARN_DIRECT_OBJC_ISA_USAGE = YES_ERROR;
				CLANG_WARN_EMPTY_BODY = YES;
				CLANG_WARN_ENUM_CONVERSION = YES;
				CLANG_WARN_INT_CONVERSION = YES;
				CLANG_WARN_OBJC_ROOT_CLASS = YES_ERROR;
				CLANG_WARN_UNREACHABLE_CODE = YES;
				CLANG_WARN__DUPLICATE_METHOD_MATCH = YES;
				"CODE_SIGN_IDENTITY[sdk=iphoneos*]" = "iPhone Developer";
				COPY_PHASE_STRIP = NO;
				DEBUG_INFORMATION_FORMAT = "dwarf-with-dsym";
				ENABLE_NS_ASSERTIONS = NO;
				ENABLE_STRICT_OBJC_MSGSEND = YES;
				GCC_C_LANGUAGE_STANDARD = gnu99;
				GCC_NO_COMMON_BLOCKS = YES;
				GCC_WARN_64_TO_32_BIT_CONVERSION = YES;
				GCC_WARN_ABOUT_RETURN_TYPE = YES_ERROR;
				GCC_WARN_UNDECLARED_SELECTOR = YES;
				GCC_WARN_UNINITIALIZED_AUTOS = YES_AGGRESSIVE;
				GCC_WARN_UNUSED_FUNCTION = YES;
				GCC_WARN_UNUSED_VARIABLE = YES;
				IPHONEOS_DEPLOYMENT_TARGET = 9.3;
				MTL_ENABLE_DEBUG_INFO = NO;
				SDKROOT = iphoneos;
				TARGETED_DEVICE_FAMILY = "1,2";
				VALIDATE_PRODUCT = YES;
			};
			name = Release;
		};
		4511E49E1CB7053E0028B46A /* Debug */ = {
			isa = XCBuildConfiguration;
			buildSettings = {
				ASSETCATALOG_COMPILER_APPICON_NAME = AppIcon;
				INFOPLIST_FILE = "First Project/Info.plist";
				LD_RUNPATH_SEARCH_PATHS = "$(inherited) @executable_path/Frameworks";
				PRODUCT_BUNDLE_IDENTIFIER = "disengo.First-Project";
				PRODUCT_NAME = "$(TARGET_NAME)";
			};
			name = Debug;
		};
		4511E49F1CB7053E0028B46A /* Release */ = {
			isa = XCBuildConfiguration;
			buildSettings = {
				ASSETCATALOG_COMPILER_APPICON_NAME = AppIcon;
				INFOPLIST_FILE = "First Project/Info.plist";
				LD_RUNPATH_SEARCH_PATHS = "$(inherited) @executable_path/Frameworks";
				PRODUCT_BUNDLE_IDENTIFIER = "disengo.First-Project";
				PRODUCT_NAME = "$(TARGET_NAME)";
			};
			name = Release;
		};
		4511E4A11CB7053E0028B46A /* Debug */ = {
			isa = XCBuildConfiguration;
			buildSettings = {
				BUNDLE_LOADER = "$(TEST_HOST)";
				INFOPLIST_FILE = "First ProjectTests/Info.plist";
				LD_RUNPATH_SEARCH_PATHS = "$(inherited) @executable_path/Frameworks @loader_path/Frameworks";
				PRODUCT_BUNDLE_IDENTIFIER = "disengo.First-ProjectTests";
				PRODUCT_NAME = "$(TARGET_NAME)";
				TEST_HOST = "$(BUILT_PRODUCTS_DIR)/First Project.app/First Project";
			};
			name = Debug;
		};
		4511E4A21CB7053E0028B46A /* Release */ = {
			isa = XCBuildConfiguration;
			buildSettings = {
				BUNDLE_LOADER = "$(TEST_HOST)";
				INFOPLIST_FILE = "First ProjectTests/Info.plist";
				LD_RUNPATH_SEARCH_PATHS = "$(inherited) @executable_path/Frameworks @loader_path/Frameworks";
				PRODUCT_BUNDLE_IDENTIFIER = "disengo.First-ProjectTests";
				PRODUCT_NAME = "$(TARGET_NAME)";
				TEST_HOST = "$(BUILT_PRODUCTS_DIR)/First Project.app/First Project";
			};
			name = Release;
		};
		4511E4A41CB7053E0028B46A /* Debug */ = {
			isa = XCBuildConfiguration;
			buildSettings = {
				INFOPLIST_FILE = "First ProjectUITests/Info.plist";
				LD_RUNPATH_SEARCH_PATHS = "$(inherited) @executable_path/Frameworks @loader_path/Frameworks";
				PRODUCT_BUNDLE_IDENTIFIER = "disengo.First-ProjectUITests";
				PRODUCT_NAME = "$(TARGET_NAME)";
				TEST_TARGET_NAME = "First Project";
			};
			name = Debug;
		};
		4511E4A51CB7053E0028B46A /* Release */ = {
			isa = XCBuildConfiguration;
			buildSettings = {
				INFOPLIST_FILE = "First ProjectUITests/Info.plist";
				LD_RUNPATH_SEARCH_PATHS = "$(inherited) @executable_path/Frameworks @loader_path/Frameworks";
				PRODUCT_BUNDLE_IDENTIFIER = "disengo.First-ProjectUITests";
				PRODUCT_NAME = "$(TARGET_NAME)";
				TEST_TARGET_NAME = "First Project";
			};
			name = Release;
		};
/* End XCBuildConfiguration section */

/* Begin XCConfigurationList section */
		4511E4701CB7053E0028B46A /* Build configuration list for PBXProject "First Project" */ = {
			isa = XCConfigurationList;
			buildConfigurations = (
				4511E49B1CB7053E0028B46A /* Debug */,
				4511E49C1CB7053E0028B46A /* Release */,
			);
			defaultConfigurationIsVisible = 0;
			defaultConfigurationName = Release;
		};
		4511E49D1CB7053E0028B46A /* Build configuration list for PBXNativeTarget "First Project" */ = {
			isa = XCConfigurationList;
			buildConfigurations = (
				4511E49E1CB7053E0028B46A /* Debug */,
				4511E49F1CB7053E0028B46A /* Release */,
			);
			defaultConfigurationIsVisible = 0;
		};
		4511E4A01CB7053E0028B46A /* Build configuration list for PBXNativeTarget "First ProjectTests" */ = {
			isa = XCConfigurationList;
			buildConfigurations = (
				4511E4A11CB7053E0028B46A /* Debug */,
				4511E4A21CB7053E0028B46A /* Release */,
			);
			defaultConfigurationIsVisible = 0;
		};
		4511E4A31CB7053E0028B46A /* Build configuration list for PBXNativeTarget "First ProjectUITests" */ = {
			isa = XCConfigurationList;
			buildConfigurations = (
				4511E4A41CB7053E0028B46A /* Debug */,
				4511E4A51CB7053E0028B46A /* Release */,
			);
			defaultConfigurationIsVisible = 0;
		};
/* End XCConfigurationList section */
	};
	rootObject = 4511E46D1CB7053E0028B46A /* Project object */;
}
